
Microsoft Visual Studio Solution File, Format Version 12.00
# Visual Studio Version 17
VisualStudioVersion = 17.10.34916.146
MinimumVisualStudioVersion = 10.0.40219.1
Project("{888888A0-9F3D-457C-B088-3A5042F75D52}") = "Lab 1", "Lab 1.pyproj", "{FD059346-4537-4B00-91FF-DFD9F10642BE}"
EndProject
Global
	GlobalSection(SolutionConfigurationPlatforms) = preSolution
		Debug|Any CPU = Debug|Any CPU
		Release|Any CPU = Release|Any CPU
	EndGlobalSection
	GlobalSection(ProjectConfigurationPlatforms) = postSolution
		{FD059346-4537-4B00-91FF-DFD9F10642BE}.Debug|Any CPU.ActiveCfg = Debug|Any CPU
		{FD059346-4537-4B00-91FF-DFD9F10642BE}.Release|Any CPU.ActiveCfg = Release|Any CPU
	EndGlobalSection
	GlobalSection(SolutionProperties) = preSolution
		HideSolutionNode = FALSE
	EndGlobalSection
	GlobalSection(ExtensibilityGlobals) = postSolution
		SolutionGuid = {0AC26E37-4815-4DC9-BAC9-CC20D58E0CE0}
	EndGlobalSection
EndGlobal
